
Microsoft Visual Studio Solution File, Format Version 12.00
# Visual Studio Version 17
VisualStudioVersion = 17.0.31903.59
MinimumVisualStudioVersion = 10.0.40219.1
Project("{FAE04EC0-301F-11D3-BF4B-00C04F79EFBC}") = "Bai1_1", "Bai1_1\Bai1_1.csproj", "{EEF5733E-11A0-4B55-920B-17E77FFEB3CB}"
EndProject
Project("{FAE04EC0-301F-11D3-BF4B-00C04F79EFBC}") = "Bai1_2", "Bai1_2\Bai1_2.csproj", "{C4E8258B-2D3A-457E-9239-155731B253D9}"
EndProject
Project("{FAE04EC0-301F-11D3-BF4B-00C04F79EFBC}") = "Bai1_3", "Bai1_3\Bai1_3.csproj", "{0991436B-7699-48DE-8002-407E36036CD0}"
EndProject
Global
	GlobalSection(SolutionConfigurationPlatforms) = preSolution
		Debug|Any CPU = Debug|Any CPU
		Debug|x64 = Debug|x64
		Debug|x86 = Debug|x86
		Release|Any CPU = Release|Any CPU
		Release|x64 = Release|x64
		Release|x86 = Release|x86
	EndGlobalSection
	GlobalSection(ProjectConfigurationPlatforms) = postSolution
		{EEF5733E-11A0-4B55-920B-17E77FFEB3CB}.Debug|Any CPU.ActiveCfg = Debug|Any CPU
		{EEF5733E-11A0-4B55-920B-17E77FFEB3CB}.Debug|Any CPU.Build.0 = Debug|Any CPU
		{EEF5733E-11A0-4B55-920B-17E77FFEB3CB}.Debug|x64.ActiveCfg = Debug|Any CPU
		{EEF5733E-11A0-4B55-920B-17E77FFEB3CB}.Debug|x64.Build.0 = Debug|Any CPU
		{EEF5733E-11A0-4B55-920B-17E77FFEB3CB}.Debug|x86.ActiveCfg = Debug|Any CPU
		{EEF5733E-11A0-4B55-920B-17E77FFEB3CB}.Debug|x86.Build.0 = Debug|Any CPU
		{EEF5733E-11A0-4B55-920B-17E77FFEB3CB}.Release|Any CPU.ActiveCfg = Release|Any CPU
		{EEF5733E-11A0-4B55-920B-17E77FFEB3CB}.Release|Any CPU.Build.0 = Release|Any CPU
		{EEF5733E-11A0-4B55-920B-17E77FFEB3CB}.Release|x64.ActiveCfg = Release|Any CPU
		{EEF5733E-11A0-4B55-920B-17E77FFEB3CB}.Release|x64.Build.0 = Release|Any CPU
		{EEF5733E-11A0-4B55-920B-17E77FFEB3CB}.Release|x86.ActiveCfg = Release|Any CPU
		{EEF5733E-11A0-4B55-920B-17E77FFEB3CB}.Release|x86.Build.0 = Release|Any CPU
		{C4E8258B-2D3A-457E-9239-155731B253D9}.Debug|Any CPU.ActiveCfg = Debug|Any CPU
		{C4E8258B-2D3A-457E-9239-155731B253D9}.Debug|Any CPU.Build.0 = Debug|Any CPU
		{C4E8258B-2D3A-457E-9239-155731B253D9}.Debug|x64.ActiveCfg = Debug|Any CPU
		{C4E8258B-2D3A-457E-9239-155731B253D9}.Debug|x64.Build.0 = Debug|Any CPU
		{C4E8258B-2D3A-457E-9239-155731B253D9}.Debug|x86.ActiveCfg = Debug|Any CPU
		{C4E8258B-2D3A-457E-9239-155731B253D9}.Debug|x86.Build.0 = Debug|Any CPU
		{C4E8258B-2D3A-457E-9239-155731B253D9}.Release|Any CPU.ActiveCfg = Release|Any CPU
		{C4E8258B-2D3A-457E-9239-155731B253D9}.Release|Any CPU.Build.0 = Release|Any CPU
		{C4E8258B-2D3A-457E-9239-155731B253D9}.Release|x64.ActiveCfg = Release|Any CPU
		{C4E8258B-2D3A-457E-9239-155731B253D9}.Release|x64.Build.0 = Release|Any CPU
		{C4E8258B-2D3A-457E-9239-155731B253D9}.Release|x86.ActiveCfg = Release|Any CPU
		{C4E8258B-2D3A-457E-9239-155731B253D9}.Release|x86.Build.0 = Release|Any CPU
		{0991436B-7699-48DE-8002-407E36036CD0}.Debug|Any CPU.ActiveCfg = Debug|Any CPU
		{0991436B-7699-48DE-8002-407E36036CD0}.Debug|Any CPU.Build.0 = Debug|Any CPU
		{0991436B-7699-48DE-8002-407E36036CD0}.Debug|x64.ActiveCfg = Debug|Any CPU
		{0991436B-7699-48DE-8002-407E36036CD0}.Debug|x64.Build.0 = Debug|Any CPU
		{0991436B-7699-48DE-8002-407E36036CD0}.Debug|x86.ActiveCfg = Debug|Any CPU
		{0991436B-7699-48DE-8002-407E36036CD0}.Debug|x86.Build.0 = Debug|Any CPU
		{0991436B-7699-48DE-8002-407E36036CD0}.Release|Any CPU.ActiveCfg = Release|Any CPU
		{0991436B-7699-48DE-8002-407E36036CD0}.Release|Any CPU.Build.0 = Release|Any CPU
		{0991436B-7699-48DE-8002-407E36036CD0}.Release|x64.ActiveCfg = Release|Any CPU
		{0991436B-7699-48DE-8002-407E36036CD0}.Release|x64.Build.0 = Release|Any CPU
		{0991436B-7699-48DE-8002-407E36036CD0}.Release|x86.ActiveCfg = Release|Any CPU
		{0991436B-7699-48DE-8002-407E36036CD0}.Release|x86.Build.0 = Release|Any CPU
	EndGlobalSection
	GlobalSection(SolutionProperties) = preSolution
		HideSolutionNode = FALSE
	EndGlobalSection
EndGlobal
